
Microsoft Visual Studio Solution File, Format Version 12.00
# Visual Studio Version 17
VisualStudioVersion = 17.10.35027.167
MinimumVisualStudioVersion = 10.0.40219.1
Project("{9A19103F-16F7-4668-BE54-9A1E7A4F7556}") = "Atea.Scraper", "Atea.Scraper.csproj", "{D779193F-394B-4EBA-969C-77BB595DAAD2}"
EndProject
Project("{FAE04EC0-301F-11D3-BF4B-00C04F79EFBC}") = "ListLogs", "..\ListLogs\ListLogs.csproj", "{CF6F040F-C4BD-4FFF-98EA-2EDAD0A40090}"
EndProject
Global
	GlobalSection(SolutionConfigurationPlatforms) = preSolution
		Debug|Any CPU = Debug|Any CPU
		Release|Any CPU = Release|Any CPU
	EndGlobalSection
	GlobalSection(ProjectConfigurationPlatforms) = postSolution
		{D779193F-394B-4EBA-969C-77BB595DAAD2}.Debug|Any CPU.ActiveCfg = Debug|Any CPU
		{D779193F-394B-4EBA-969C-77BB595DAAD2}.Debug|Any CPU.Build.0 = Debug|Any CPU
		{D779193F-394B-4EBA-969C-77BB595DAAD2}.Release|Any CPU.ActiveCfg = Release|Any CPU
		{D779193F-394B-4EBA-969C-77BB595DAAD2}.Release|Any CPU.Build.0 = Release|Any CPU
		{CF6F040F-C4BD-4FFF-98EA-2EDAD0A40090}.Debug|Any CPU.ActiveCfg = Debug|Any CPU
		{CF6F040F-C4BD-4FFF-98EA-2EDAD0A40090}.Debug|Any CPU.Build.0 = Debug|Any CPU
		{CF6F040F-C4BD-4FFF-98EA-2EDAD0A40090}.Release|Any CPU.ActiveCfg = Release|Any CPU
		{CF6F040F-C4BD-4FFF-98EA-2EDAD0A40090}.Release|Any CPU.Build.0 = Release|Any CPU
	EndGlobalSection
	GlobalSection(SolutionProperties) = preSolution
		HideSolutionNode = FALSE
	EndGlobalSection
	GlobalSection(ExtensibilityGlobals) = postSolution
		SolutionGuid = {DF8E571B-512A-42F2-BF50-E630E6D9B86E}
	EndGlobalSection
EndGlobal
